
Microsoft Visual Studio Solution File, Format Version 9.00
# Visual Studio 2005
Project("{8BC9CEB8-8B4A-11D0-8D11-00A0C91BC942}") = "HighFreqPlay", "HighFreqPlay\HighFreqPlay.vcproj", "{5B9054B0-16EC-4072-81A5-F00539EF5A65}"
EndProject
Project("{B900F1C2-3D47-4FEC-85B3-04AAF18C3634}") = "HighFreqSetup", "HighFreqSetup\HighFreqSetup.vddproj", "{7B6928B8-C8DA-4BC8-B7EA-A8DA3221E30E}"
EndProject
Global
	GlobalSection(SolutionConfigurationPlatforms) = preSolution
		Debug|Windows Mobile 6 Professional SDK (ARMV4I) = Debug|Windows Mobile 6 Professional SDK (ARMV4I)
		Release|Windows Mobile 6 Professional SDK (ARMV4I) = Release|Windows Mobile 6 Professional SDK (ARMV4I)
	EndGlobalSection
	GlobalSection(ProjectConfigurationPlatforms) = postSolution
		{5B9054B0-16EC-4072-81A5-F00539EF5A65}.Debug|Windows Mobile 6 Professional SDK (ARMV4I).ActiveCfg = Debug|Windows Mobile 6 Professional SDK (ARMV4I)
		{5B9054B0-16EC-4072-81A5-F00539EF5A65}.Debug|Windows Mobile 6 Professional SDK (ARMV4I).Build.0 = Debug|Windows Mobile 6 Professional SDK (ARMV4I)
		{5B9054B0-16EC-4072-81A5-F00539EF5A65}.Debug|Windows Mobile 6 Professional SDK (ARMV4I).Deploy.0 = Debug|Windows Mobile 6 Professional SDK (ARMV4I)
		{5B9054B0-16EC-4072-81A5-F00539EF5A65}.Release|Windows Mobile 6 Professional SDK (ARMV4I).ActiveCfg = Release|Windows Mobile 6 Professional SDK (ARMV4I)
		{5B9054B0-16EC-4072-81A5-F00539EF5A65}.Release|Windows Mobile 6 Professional SDK (ARMV4I).Build.0 = Release|Windows Mobile 6 Professional SDK (ARMV4I)
		{5B9054B0-16EC-4072-81A5-F00539EF5A65}.Release|Windows Mobile 6 Professional SDK (ARMV4I).Deploy.0 = Release|Windows Mobile 6 Professional SDK (ARMV4I)
		{7B6928B8-C8DA-4BC8-B7EA-A8DA3221E30E}.Debug|Windows Mobile 6 Professional SDK (ARMV4I).ActiveCfg = Debug
		{7B6928B8-C8DA-4BC8-B7EA-A8DA3221E30E}.Release|Windows Mobile 6 Professional SDK (ARMV4I).ActiveCfg = Release
	EndGlobalSection
	GlobalSection(SolutionProperties) = preSolution
		HideSolutionNode = FALSE
	EndGlobalSection
EndGlobal
